# This file is autogenerated, do not edit; changes may be undone by the next 'dep ensure'.


[[projects]]
  digest = "1:2ac76f33cdfee7ed290495dfd93a29b3c353341017a5e7c1b7ff962924d4b41a"
  name = "github.com/antonfisher/nested-logrus-formatter"
  packages = ["."]
  pruneopts = ""
  revision = "ab9dbe7e28dfce0c656a609ff557842e01a89a71"
  version = "v1.0.3"

[[projects]]
  digest = "1:0f51cee70b0d254dbc93c22666ea2abf211af81c1701a96d04e2284b408621db"
  name = "github.com/konsorten/go-windows-terminal-sequences"
  packages = ["."]
  pruneopts = ""
  revision = "f55edac94c9bbba5d6182a4be46d86a2c9b5b50e"
  version = "v1.0.2"

[[projects]]
  digest = "1:22b76af535c6d55c0d69b280c88a5fd77ff09e618907e440fa35064247652fc0"
  name = "github.com/miekg/dns"
  packages = ["."]
  pruneopts = ""
  revision = "f515aa579d28efa1af67d9a62cc57f2dfe59da76"
  version = "v1.1.29"

[[projects]]
  digest = "1:5907d0ddc26b262088060c6d0fbfd1d07088e71b476dc16d26780c8e335bf088"
  name = "github.com/sirupsen/logrus"
  packages = ["."]
  pruneopts = ""
  revision = "d417be0fe654de640a82370515129985b407c7e3"
  version = "v1.5.0"

[[projects]]
  branch = "master"
  digest = "1:c63b437fb5bd075409a69c0e15b21476525488eedf029cb85a9caaee29b26733"
  name = "github.com/tinkernels/go-forceexport"
  packages = ["."]
  pruneopts = ""
  revision = "8f1d6941cd755b975763ddb1f836561edddac2b8"

[[projects]]
  digest = "1:96146cca64370259f22d12d414ccd163132542653d2da23d1dbaaa3188299b65"
  name = "github.com/zput/zxcTool"
  packages = ["ztLog/zt_formatter"]
  pruneopts = ""
  revision = "64ac464149e2494c313f4074990a58ced541fb12"
  version = "v2.0.2"

[[projects]]
  branch = "master"
  digest = "1:a3fc29aff1d04af39e237f927f9aba558ad1e293f5317e3cb7215c98b77cd278"
  name = "golang.org/x/crypto"
  packages = [
    "ed25519",
    "ed25519/internal/edwards25519",
  ]
  pruneopts = ""
  revision = "4bdfaf469ed5a1194e0ec57ec7b1af73991a7ee3"

[[projects]]
  branch = "master"
  digest = "1:faf6263ab861d2fe865a850fc62676981834075c9807f8d9ef8159fcef8b25f4"
  name = "golang.org/x/net"
  packages = [
    "bpf",
    "internal/iana",
    "internal/socket",
    "ipv4",
    "ipv6",
  ]
  pruneopts = ""
  revision = "e086a090c8fdb9982880f0fb6e3db47af1856533"

[[projects]]
  branch = "master"
  digest = "1:afb82fdca558cae6124d36cc8e01876aea991e026dc04dc26184a8f012207aec"
  name = "golang.org/x/sys"
  packages = [
    "unix",
    "windows",
  ]
  pruneopts = ""
  revision = "1957bb5e6d1f523308b49060df02171d06ddfc77"

[[projects]]
  branch = "master"
  digest = "1:dc988e1f82d7e564142672c01b67fe7ed7ef3dc86116ee17ed4beac6e20f0396"
  name = "golang.org/x/tools"
  packages = [
    "go/ast/astutil",
    "go/gcexportdata",
    "go/internal/gcimporter",
    "go/internal/packagesdriver",
    "go/packages",
    "go/types/typeutil",
    "internal/event",
    "internal/event/core",
    "internal/event/keys",
    "internal/event/label",
    "internal/gocommand",
    "internal/packagesinternal",
  ]
  pruneopts = ""
  revision = "8463f397d07cfd2b3f1442fb1daa5e6bc2178a6e"

[[projects]]
  branch = "master"
  digest = "1:9d4ac09a835404ae9306c6e1493cf800ecbb0f3f828f4333b3e055de4c962eea"
  name = "golang.org/x/xerrors"
  packages = [
    ".",
    "internal",
  ]
  pruneopts = ""
  revision = "9bdfabe68543c54f90421aeb9a60ef8061b5b544"

[solve-meta]
  analyzer-name = "dep"
  analyzer-version = 1
  input-imports = [
    "github.com/antonfisher/nested-logrus-formatter",
    "github.com/miekg/dns",
    "github.com/sirupsen/logrus",
    "github.com/tinkernels/go-forceexport",
    "github.com/zput/zxcTool/ztLog/zt_formatter",
  ]
  solver-name = "gps-cdcl"
  solver-version = 1
