
Microsoft Visual Studio Solution File, Format Version 12.00
# Visual Studio Version 16
VisualStudioVersion = 16.0.30104.148
MinimumVisualStudioVersion = 10.0.40219.1
Project("{FAE04EC0-301F-11D3-BF4B-00C04F79EFBC}") = "doh-proxy_wrapper", "doh-proxy_wrapper\doh-proxy_wrapper.csproj", "{F9313AB1-D5B5-48B8-85FC-A61FDC48E716}"
EndProject
Global
	GlobalSection(SolutionConfigurationPlatforms) = preSolution
		Debug|Any CPU = Debug|Any CPU
		Release|Any CPU = Release|Any CPU
	EndGlobalSection
	GlobalSection(ProjectConfigurationPlatforms) = postSolution
		{F9313AB1-D5B5-48B8-85FC-A61FDC48E716}.Debug|Any CPU.ActiveCfg = Debug|Any CPU
		{F9313AB1-D5B5-48B8-85FC-A61FDC48E716}.Debug|Any CPU.Build.0 = Debug|Any CPU
		{F9313AB1-D5B5-48B8-85FC-A61FDC48E716}.Release|Any CPU.ActiveCfg = Release|Any CPU
		{F9313AB1-D5B5-48B8-85FC-A61FDC48E716}.Release|Any CPU.Build.0 = Release|Any CPU
	EndGlobalSection
	GlobalSection(SolutionProperties) = preSolution
		HideSolutionNode = FALSE
	EndGlobalSection
	GlobalSection(ExtensibilityGlobals) = postSolution
		SolutionGuid = {A058CFDA-CE50-46EA-B389-1D735B1B69D0}
	EndGlobalSection
EndGlobal
